
Microsoft Visual Studio Solution File, Format Version 12.00
# Visual Studio Version 17
VisualStudioVersion = 17.9.34607.119
MinimumVisualStudioVersion = 10.0.40219.1
Project("{FAE04EC0-301F-11D3-BF4B-00C04F79EFBC}") = "WebLabApp", "WebLabApp\WebLabApp.csproj", "{6C63F298-3652-4570-A3EB-3B03EA05ABD1}"
EndProject
Global
	GlobalSection(SolutionConfigurationPlatforms) = preSolution
		Debug|Any CPU = Debug|Any CPU
		Release|Any CPU = Release|Any CPU
	EndGlobalSection
	GlobalSection(ProjectConfigurationPlatforms) = postSolution
		{6C63F298-3652-4570-A3EB-3B03EA05ABD1}.Debug|Any CPU.ActiveCfg = Debug|Any CPU
		{6C63F298-3652-4570-A3EB-3B03EA05ABD1}.Debug|Any CPU.Build.0 = Debug|Any CPU
		{6C63F298-3652-4570-A3EB-3B03EA05ABD1}.Release|Any CPU.ActiveCfg = Release|Any CPU
		{6C63F298-3652-4570-A3EB-3B03EA05ABD1}.Release|Any CPU.Build.0 = Release|Any CPU
	EndGlobalSection
	GlobalSection(SolutionProperties) = preSolution
		HideSolutionNode = FALSE
	EndGlobalSection
	GlobalSection(ExtensibilityGlobals) = postSolution
		SolutionGuid = {E4B52BA6-A5B8-4532-BFB3-F99CC700C328}
	EndGlobalSection
EndGlobal
